
Microsoft Visual Studio Solution File, Format Version 12.00
# Visual Studio Version 17
VisualStudioVersion = 17.8.34525.116
MinimumVisualStudioVersion = 10.0.40219.1
Project("{FAE04EC0-301F-11D3-BF4B-00C04F79EFBC}") = "BankApplication", "BankApplication\BankApplication.csproj", "{C79548B5-A0AE-40C9-94E8-F4F43A48BFBE}"
EndProject
Global
	GlobalSection(SolutionConfigurationPlatforms) = preSolution
		Debug|Any CPU = Debug|Any CPU
		Release|Any CPU = Release|Any CPU
	EndGlobalSection
	GlobalSection(ProjectConfigurationPlatforms) = postSolution
		{C79548B5-A0AE-40C9-94E8-F4F43A48BFBE}.Debug|Any CPU.ActiveCfg = Debug|Any CPU
		{C79548B5-A0AE-40C9-94E8-F4F43A48BFBE}.Debug|Any CPU.Build.0 = Debug|Any CPU
		{C79548B5-A0AE-40C9-94E8-F4F43A48BFBE}.Release|Any CPU.ActiveCfg = Release|Any CPU
		{C79548B5-A0AE-40C9-94E8-F4F43A48BFBE}.Release|Any CPU.Build.0 = Release|Any CPU
	EndGlobalSection
	GlobalSection(SolutionProperties) = preSolution
		HideSolutionNode = FALSE
	EndGlobalSection
	GlobalSection(ExtensibilityGlobals) = postSolution
		SolutionGuid = {C65D4E25-BB82-41A4-A152-4C832B73F54C}
	EndGlobalSection
EndGlobal
